// !$*UTF8*$!
{
	archiveVersion = 1;
	classes = {
	};
	objectVersion = 56;
	objects = {

/* Begin PBXBuildFile section */
		28F05078AC1E2C48991C6488 /* Pods_CleanArchitectureSample.framework in Frameworks */ = {isa = PBXBuildFile; fileRef = AE16929C401C7264928575AD /* Pods_CleanArchitectureSample.framework */; };
		E3834C932BBDADD700F90B7F /* AuthenticationManager.swift in Sources */ = {isa = PBXBuildFile; fileRef = E3834C922BBDADD700F90B7F /* AuthenticationManager.swift */; };
		E3834C962BBDB4AB00F90B7F /* SignInView.swift in Sources */ = {isa = PBXBuildFile; fileRef = E3834C952BBDB4AB00F90B7F /* SignInView.swift */; };
		E3834C982BBDBD9600F90B7F /* RootView.swift in Sources */ = {isa = PBXBuildFile; fileRef = E3834C972BBDBD9600F90B7F /* RootView.swift */; };
		E393EEE82BBCF656002C9526 /* AppState.swift in Sources */ = {isa = PBXBuildFile; fileRef = E393EEE72BBCF656002C9526 /* AppState.swift */; };
		E393EEEA2BBCF917002C9526 /* DI.swift in Sources */ = {isa = PBXBuildFile; fileRef = E393EEE92BBCF917002C9526 /* DI.swift */; };
		E393EEED2BBCFCE5002C9526 /* Models.swift in Sources */ = {isa = PBXBuildFile; fileRef = E393EEEC2BBCFCE5002C9526 /* Models.swift */; };
		E393EEF02BBD03C0002C9526 /* PostInteractors.swift in Sources */ = {isa = PBXBuildFile; fileRef = E393EEEF2BBD03C0002C9526 /* PostInteractors.swift */; };
		E39DF5DC2BBD093800B29048 /* Store.swift in Sources */ = {isa = PBXBuildFile; fileRef = E39DF5DB2BBD093800B29048 /* Store.swift */; };
		E39DF5DE2BBD09C700B29048 /* RootViewModifier.swift in Sources */ = {isa = PBXBuildFile; fileRef = E39DF5DD2BBD09C700B29048 /* RootViewModifier.swift */; };
		E39DF5E02BBD0BAF00B29048 /* InteractorsContainer.swift in Sources */ = {isa = PBXBuildFile; fileRef = E39DF5DF2BBD0BAF00B29048 /* InteractorsContainer.swift */; };
		E39DF5E32BBD33DB00B29048 /* AppEnvironment.swift in Sources */ = {isa = PBXBuildFile; fileRef = E39DF5E22BBD33DB00B29048 /* AppEnvironment.swift */; };
		E3D01F792BBCF30900F3BF49 /* CleanArchitectureSampleApp.swift in Sources */ = {isa = PBXBuildFile; fileRef = E3D01F782BBCF30900F3BF49 /* CleanArchitectureSampleApp.swift */; };
		E3D01F7B2BBCF30900F3BF49 /* ContentView.swift in Sources */ = {isa = PBXBuildFile; fileRef = E3D01F7A2BBCF30900F3BF49 /* ContentView.swift */; };
		E3D01F7D2BBCF30B00F3BF49 /* Assets.xcassets in Resources */ = {isa = PBXBuildFile; fileRef = E3D01F7C2BBCF30B00F3BF49 /* Assets.xcassets */; };
		E3D01F802BBCF30B00F3BF49 /* Preview Assets.xcassets in Resources */ = {isa = PBXBuildFile; fileRef = E3D01F7F2BBCF30B00F3BF49 /* Preview Assets.xcassets */; };
		E3D01F822BBCF30B00F3BF49 /* Persistence.swift in Sources */ = {isa = PBXBuildFile; fileRef = E3D01F812BBCF30B00F3BF49 /* Persistence.swift */; };
		E3D01F852BBCF30B00F3BF49 /* CleanArchitectureSample.xcdatamodeld in Sources */ = {isa = PBXBuildFile; fileRef = E3D01F832BBCF30B00F3BF49 /* CleanArchitectureSample.xcdatamodeld */; };
/* End PBXBuildFile section */

/* Begin PBXFileReference section */
		02DEC0CD5EDE7C33617F20B8 /* Pods-CleanArchitectureSample.debug.xcconfig */ = {isa = PBXFileReference; includeInIndex = 1; lastKnownFileType = text.xcconfig; name = "Pods-CleanArchitectureSample.debug.xcconfig"; path = "Target Support Files/Pods-CleanArchitectureSample/Pods-CleanArchitectureSample.debug.xcconfig"; sourceTree = "<group>"; };
		1EBA4C52A7562D09B96B714E /* Pods-CleanArchitectureSample.release.xcconfig */ = {isa = PBXFileReference; includeInIndex = 1; lastKnownFileType = text.xcconfig; name = "Pods-CleanArchitectureSample.release.xcconfig"; path = "Target Support Files/Pods-CleanArchitectureSample/Pods-CleanArchitectureSample.release.xcconfig"; sourceTree = "<group>"; };
		AE16929C401C7264928575AD /* Pods_CleanArchitectureSample.framework */ = {isa = PBXFileReference; explicitFileType = wrapper.framework; includeInIndex = 0; path = Pods_CleanArchitectureSample.framework; sourceTree = BUILT_PRODUCTS_DIR; };
		E3834C922BBDADD700F90B7F /* AuthenticationManager.swift */ = {isa = PBXFileReference; fileEncoding = 4; lastKnownFileType = sourcecode.swift; path = AuthenticationManager.swift; sourceTree = "<group>"; };
		E3834C942BBDB3D100F90B7F /* Info.plist */ = {isa = PBXFileReference; lastKnownFileType = text.plist; path = Info.plist; sourceTree = "<group>"; };
		E3834C952BBDB4AB00F90B7F /* SignInView.swift */ = {isa = PBXFileReference; fileEncoding = 4; lastKnownFileType = sourcecode.swift; path = SignInView.swift; sourceTree = "<group>"; };
		E3834C972BBDBD9600F90B7F /* RootView.swift */ = {isa = PBXFileReference; lastKnownFileType = sourcecode.swift; path = RootView.swift; sourceTree = "<group>"; };
		E393EEE72BBCF656002C9526 /* AppState.swift */ = {isa = PBXFileReference; lastKnownFileType = sourcecode.swift; path = AppState.swift; sourceTree = "<group>"; };
		E393EEE92BBCF917002C9526 /* DI.swift */ = {isa = PBXFileReference; lastKnownFileType = sourcecode.swift; path = DI.swift; sourceTree = "<group>"; };
		E393EEEC2BBCFCE5002C9526 /* Models.swift */ = {isa = PBXFileReference; lastKnownFileType = sourcecode.swift; path = Models.swift; sourceTree = "<group>"; };
		E393EEEF2BBD03C0002C9526 /* PostInteractors.swift */ = {isa = PBXFileReference; lastKnownFileType = sourcecode.swift; path = PostInteractors.swift; sourceTree = "<group>"; };
		E39DF5DB2BBD093800B29048 /* Store.swift */ = {isa = PBXFileReference; lastKnownFileType = sourcecode.swift; path = Store.swift; sourceTree = "<group>"; };
		E39DF5DD2BBD09C700B29048 /* RootViewModifier.swift */ = {isa = PBXFileReference; lastKnownFileType = sourcecode.swift; path = RootViewModifier.swift; sourceTree = "<group>"; };
		E39DF5DF2BBD0BAF00B29048 /* InteractorsContainer.swift */ = {isa = PBXFileReference; lastKnownFileType = sourcecode.swift; path = InteractorsContainer.swift; sourceTree = "<group>"; };
		E39DF5E22BBD33DB00B29048 /* AppEnvironment.swift */ = {isa = PBXFileReference; lastKnownFileType = sourcecode.swift; path = AppEnvironment.swift; sourceTree = "<group>"; };
		E3D01F752BBCF30900F3BF49 /* CleanArchitectureSample.app */ = {isa = PBXFileReference; explicitFileType = wrapper.application; includeInIndex = 0; path = CleanArchitectureSample.app; sourceTree = BUILT_PRODUCTS_DIR; };
		E3D01F782BBCF30900F3BF49 /* CleanArchitectureSampleApp.swift */ = {isa = PBXFileReference; lastKnownFileType = sourcecode.swift; path = CleanArchitectureSampleApp.swift; sourceTree = "<group>"; };
		E3D01F7A2BBCF30900F3BF49 /* ContentView.swift */ = {isa = PBXFileReference; lastKnownFileType = sourcecode.swift; path = ContentView.swift; sourceTree = "<group>"; };
		E3D01F7C2BBCF30B00F3BF49 /* Assets.xcassets */ = {isa = PBXFileReference; lastKnownFileType = folder.assetcatalog; path = Assets.xcassets; sourceTree = "<group>"; };
		E3D01F7F2BBCF30B00F3BF49 /* Preview Assets.xcassets */ = {isa = PBXFileReference; lastKnownFileType = folder.assetcatalog; path = "Preview Assets.xcassets"; sourceTree = "<group>"; };
		E3D01F812BBCF30B00F3BF49 /* Persistence.swift */ = {isa = PBXFileReference; lastKnownFileType = sourcecode.swift; path = Persistence.swift; sourceTree = "<group>"; };
		E3D01F842BBCF30B00F3BF49 /* CleanArchitectureSample.xcdatamodel */ = {isa = PBXFileReference; lastKnownFileType = wrapper.xcdatamodel; path = CleanArchitectureSample.xcdatamodel; sourceTree = "<group>"; };
/* End PBXFileReference section */

/* Begin PBXFrameworksBuildPhase section */
		E3D01F722BBCF30900F3BF49 /* Frameworks */ = {
			isa = PBXFrameworksBuildPhase;
			buildActionMask = 2147483647;
			files = (
				28F05078AC1E2C48991C6488 /* Pods_CleanArchitectureSample.framework in Frameworks */,
			);
			runOnlyForDeploymentPostprocessing = 0;
		};
/* End PBXFrameworksBuildPhase section */

/* Begin PBXGroup section */
		0BE91658EE002B6841E77BFF /* Frameworks */ = {
			isa = PBXGroup;
			children = (
				AE16929C401C7264928575AD /* Pods_CleanArchitectureSample.framework */,
			);
			name = Frameworks;
			sourceTree = "<group>";
		};
		B76BDCA7C7D9F1378932258D /* Pods */ = {
			isa = PBXGroup;
			children = (
				02DEC0CD5EDE7C33617F20B8 /* Pods-CleanArchitectureSample.debug.xcconfig */,
				1EBA4C52A7562D09B96B714E /* Pods-CleanArchitectureSample.release.xcconfig */,
			);
			path = Pods;
			sourceTree = "<group>";
		};
		E393EEE62BBCF641002C9526 /* Injected */ = {
			isa = PBXGroup;
			children = (
				E393EEE72BBCF656002C9526 /* AppState.swift */,
				E393EEE92BBCF917002C9526 /* DI.swift */,
				E39DF5DF2BBD0BAF00B29048 /* InteractorsContainer.swift */,
			);
			path = Injected;
			sourceTree = "<group>";
		};
		E393EEEB2BBCFCD7002C9526 /* Models */ = {
			isa = PBXGroup;
			children = (
				E393EEEC2BBCFCE5002C9526 /* Models.swift */,
			);
			path = Models;
			sourceTree = "<group>";
		};
		E393EEEE2BBD03A6002C9526 /* Interactors */ = {
			isa = PBXGroup;
			children = (
				E393EEEF2BBD03C0002C9526 /* PostInteractors.swift */,
			);
			path = Interactors;
			sourceTree = "<group>";
		};
		E39DF5DA2BBD091200B29048 /* Ultilities */ = {
			isa = PBXGroup;
			children = (
				E3834C922BBDADD700F90B7F /* AuthenticationManager.swift */,
				E39DF5DB2BBD093800B29048 /* Store.swift */,
			);
			path = Ultilities;
			sourceTree = "<group>";
		};
		E39DF5E12BBD33B200B29048 /* System */ = {
			isa = PBXGroup;
			children = (
				E3D01F782BBCF30900F3BF49 /* CleanArchitectureSampleApp.swift */,
				E39DF5E22BBD33DB00B29048 /* AppEnvironment.swift */,
			);
			path = System;
			sourceTree = "<group>";
		};
		E39DF5E42BBD4F8900B29048 /* UI */ = {
			isa = PBXGroup;
			children = (
				E3834C952BBDB4AB00F90B7F /* SignInView.swift */,
				E39DF5DD2BBD09C700B29048 /* RootViewModifier.swift */,
				E3D01F7A2BBCF30900F3BF49 /* ContentView.swift */,
				E3834C972BBDBD9600F90B7F /* RootView.swift */,
			);
			path = UI;
			sourceTree = "<group>";
		};
		E3D01F6C2BBCF30900F3BF49 = {
			isa = PBXGroup;
			children = (
				E3D01F772BBCF30900F3BF49 /* CleanArchitectureSample */,
				E3D01F762BBCF30900F3BF49 /* Products */,
				B76BDCA7C7D9F1378932258D /* Pods */,
				0BE91658EE002B6841E77BFF /* Frameworks */,
			);
			sourceTree = "<group>";
		};
		E3D01F762BBCF30900F3BF49 /* Products */ = {
			isa = PBXGroup;
			children = (
				E3D01F752BBCF30900F3BF49 /* CleanArchitectureSample.app */,
			);
			name = Products;
			sourceTree = "<group>";
		};
		E3D01F772BBCF30900F3BF49 /* CleanArchitectureSample */ = {
			isa = PBXGroup;
			children = (
				E3834C942BBDB3D100F90B7F /* Info.plist */,
				E3D01F812BBCF30B00F3BF49 /* Persistence.swift */,
				E3D01F7C2BBCF30B00F3BF49 /* Assets.xcassets */,
				E3D01F832BBCF30B00F3BF49 /* CleanArchitectureSample.xcdatamodeld */,
				E393EEE62BBCF641002C9526 /* Injected */,
				E393EEEE2BBD03A6002C9526 /* Interactors */,
				E393EEEB2BBCFCD7002C9526 /* Models */,
				E3D01F7E2BBCF30B00F3BF49 /* Preview Content */,
				E39DF5E12BBD33B200B29048 /* System */,
				E39DF5E42BBD4F8900B29048 /* UI */,
				E39DF5DA2BBD091200B29048 /* Ultilities */,
			);
			path = CleanArchitectureSample;
			sourceTree = "<group>";
		};
		E3D01F7E2BBCF30B00F3BF49 /* Preview Content */ = {
			isa = PBXGroup;
			children = (
				E3D01F7F2BBCF30B00F3BF49 /* Preview Assets.xcassets */,
			);
			path = "Preview Content";
			sourceTree = "<group>";
		};
/* End PBXGroup section */

/* Begin PBXNativeTarget section */
		E3D01F742BBCF30900F3BF49 /* CleanArchitectureSample */ = {
			isa = PBXNativeTarget;
			buildConfigurationList = E3D01F882BBCF30B00F3BF49 /* Build configuration list for PBXNativeTarget "CleanArchitectureSample" */;
			buildPhases = (
				97FCA1A29D6D18374B716DFA /* [CP] Check Pods Manifest.lock */,
				E3D01F712BBCF30900F3BF49 /* Sources */,
				E3D01F722BBCF30900F3BF49 /* Frameworks */,
				E3D01F732BBCF30900F3BF49 /* Resources */,
				01E984477A8BF1C802700927 /* [CP] Embed Pods Frameworks */,
			);
			buildRules = (
			);
			dependencies = (
			);
			name = CleanArchitectureSample;
			productName = CleanArchitectureSample;
			productReference = E3D01F752BBCF30900F3BF49 /* CleanArchitectureSample.app */;
			productType = "com.apple.product-type.application";
		};
/* End PBXNativeTarget section */

/* Begin PBXProject section */
		E3D01F6D2BBCF30900F3BF49 /* Project object */ = {
			isa = PBXProject;
			attributes = {
				BuildIndependentTargetsInParallel = 1;
				LastSwiftUpdateCheck = 1510;
				LastUpgradeCheck = 1510;
				TargetAttributes = {
					E3D01F742BBCF30900F3BF49 = {
						CreatedOnToolsVersion = 15.1;
					};
				};
			};
			buildConfigurationList = E3D01F702BBCF30900F3BF49 /* Build configuration list for PBXProject "CleanArchitectureSample" */;
			compatibilityVersion = "Xcode 14.0";
			developmentRegion = en;
			hasScannedForEncodings = 0;
			knownRegions = (
				en,
				Base,
			);
			mainGroup = E3D01F6C2BBCF30900F3BF49;
			productRefGroup = E3D01F762BBCF30900F3BF49 /* Products */;
			projectDirPath = "";
			projectRoot = "";
			targets = (
				E3D01F742BBCF30900F3BF49 /* CleanArchitectureSample */,
			);
		};
/* End PBXProject section */

/* Begin PBXResourcesBuildPhase section */
		E3D01F732BBCF30900F3BF49 /* Resources */ = {
			isa = PBXResourcesBuildPhase;
			buildActionMask = 2147483647;
			files = (
				E3D01F802BBCF30B00F3BF49 /* Preview Assets.xcassets in Resources */,
				E3D01F7D2BBCF30B00F3BF49 /* Assets.xcassets in Resources */,
			);
			runOnlyForDeploymentPostprocessing = 0;
		};
/* End PBXResourcesBuildPhase section */

/* Begin PBXShellScriptBuildPhase section */
		01E984477A8BF1C802700927 /* [CP] Embed Pods Frameworks */ = {
			isa = PBXShellScriptBuildPhase;
			buildActionMask = 2147483647;
			files = (
			);
			inputFileListPaths = (
				"${PODS_ROOT}/Target Support Files/Pods-CleanArchitectureSample/Pods-CleanArchitectureSample-frameworks-${CONFIGURATION}-input-files.xcfilelist",
			);
			name = "[CP] Embed Pods Frameworks";
			outputFileListPaths = (
				"${PODS_ROOT}/Target Support Files/Pods-CleanArchitectureSample/Pods-CleanArchitectureSample-frameworks-${CONFIGURATION}-output-files.xcfilelist",
			);
			runOnlyForDeploymentPostprocessing = 0;
			shellPath = /bin/sh;
			shellScript = "\"${PODS_ROOT}/Target Support Files/Pods-CleanArchitectureSample/Pods-CleanArchitectureSample-frameworks.sh\"\n";
			showEnvVarsInLog = 0;
		};
		97FCA1A29D6D18374B716DFA /* [CP] Check Pods Manifest.lock */ = {
			isa = PBXShellScriptBuildPhase;
			buildActionMask = 2147483647;
			files = (
			);
			inputFileListPaths = (
			);
			inputPaths = (
				"${PODS_PODFILE_DIR_PATH}/Podfile.lock",
				"${PODS_ROOT}/Manifest.lock",
			);
			name = "[CP] Check Pods Manifest.lock";
			outputFileListPaths = (
			);
			outputPaths = (
				"$(DERIVED_FILE_DIR)/Pods-CleanArchitectureSample-checkManifestLockResult.txt",
			);
			runOnlyForDeploymentPostprocessing = 0;
			shellPath = /bin/sh;
			shellScript = "diff \"${PODS_PODFILE_DIR_PATH}/Podfile.lock\" \"${PODS_ROOT}/Manifest.lock\" > /dev/null\nif [ $? != 0 ] ; then\n    # print error to STDERR\n    echo \"error: The sandbox is not in sync with the Podfile.lock. Run 'pod install' or update your CocoaPods installation.\" >&2\n    exit 1\nfi\n# This output is used by Xcode 'outputs' to avoid re-running this script phase.\necho \"SUCCESS\" > \"${SCRIPT_OUTPUT_FILE_0}\"\n";
			showEnvVarsInLog = 0;
		};
/* End PBXShellScriptBuildPhase section */

/* Begin PBXSourcesBuildPhase section */
		E3D01F712BBCF30900F3BF49 /* Sources */ = {
			isa = PBXSourcesBuildPhase;
			buildActionMask = 2147483647;
			files = (
				E3D01F852BBCF30B00F3BF49 /* CleanArchitectureSample.xcdatamodeld in Sources */,
				E393EEE82BBCF656002C9526 /* AppState.swift in Sources */,
				E393EEEA2BBCF917002C9526 /* DI.swift in Sources */,
				E39DF5DC2BBD093800B29048 /* Store.swift in Sources */,
				E3D01F822BBCF30B00F3BF49 /* Persistence.swift in Sources */,
				E39DF5E32BBD33DB00B29048 /* AppEnvironment.swift in Sources */,
				E39DF5E02BBD0BAF00B29048 /* InteractorsContainer.swift in Sources */,
				E3834C932BBDADD700F90B7F /* AuthenticationManager.swift in Sources */,
				E3834C962BBDB4AB00F90B7F /* SignInView.swift in Sources */,
				E39DF5DE2BBD09C700B29048 /* RootViewModifier.swift in Sources */,
				E393EEF02BBD03C0002C9526 /* PostInteractors.swift in Sources */,
				E3D01F7B2BBCF30900F3BF49 /* ContentView.swift in Sources */,
				E3D01F792BBCF30900F3BF49 /* CleanArchitectureSampleApp.swift in Sources */,
				E393EEED2BBCFCE5002C9526 /* Models.swift in Sources */,
				E3834C982BBDBD9600F90B7F /* RootView.swift in Sources */,
			);
			runOnlyForDeploymentPostprocessing = 0;
		};
/* End PBXSourcesBuildPhase section */

/* Begin XCBuildConfiguration section */
		E3D01F862BBCF30B00F3BF49 /* Debug */ = {
			isa = XCBuildConfiguration;
			buildSettings = {
				ALWAYS_SEARCH_USER_PATHS = NO;
				ASSETCATALOG_COMPILER_GENERATE_SWIFT_ASSET_SYMBOL_EXTENSIONS = YES;
				CLANG_ANALYZER_NONNULL = YES;
				CLANG_ANALYZER_NUMBER_OBJECT_CONVERSION = YES_AGGRESSIVE;
				CLANG_CXX_LANGUAGE_STANDARD = "gnu++20";
				CLANG_ENABLE_MODULES = YES;
				CLANG_ENABLE_OBJC_ARC = YES;
				CLANG_ENABLE_OBJC_WEAK = YES;
				CLANG_WARN_BLOCK_CAPTURE_AUTORELEASING = YES;
				CLANG_WARN_BOOL_CONVERSION = YES;
				CLANG_WARN_COMMA = YES;
				CLANG_WARN_CONSTANT_CONVERSION = YES;
				CLANG_WARN_DEPRECATED_OBJC_IMPLEMENTATIONS = YES;
				CLANG_WARN_DIRECT_OBJC_ISA_USAGE = YES_ERROR;
				CLANG_WARN_DOCUMENTATION_COMMENTS = YES;
				CLANG_WARN_EMPTY_BODY = YES;
				CLANG_WARN_ENUM_CONVERSION = YES;
				CLANG_WARN_INFINITE_RECURSION = YES;
				CLANG_WARN_INT_CONVERSION = YES;
				CLANG_WARN_NON_LITERAL_NULL_CONVERSION = YES;
				CLANG_WARN_OBJC_IMPLICIT_RETAIN_SELF = YES;
				CLANG_WARN_OBJC_LITERAL_CONVERSION = YES;
				CLANG_WARN_OBJC_ROOT_CLASS = YES_ERROR;
				CLANG_WARN_QUOTED_INCLUDE_IN_FRAMEWORK_HEADER = YES;
				CLANG_WARN_RANGE_LOOP_ANALYSIS = YES;
				CLANG_WARN_STRICT_PROTOTYPES = YES;
				CLANG_WARN_SUSPICIOUS_MOVE = YES;
				CLANG_WARN_UNGUARDED_AVAILABILITY = YES_AGGRESSIVE;
				CLANG_WARN_UNREACHABLE_CODE = YES;
				CLANG_WARN__DUPLICATE_METHOD_MATCH = YES;
				COPY_PHASE_STRIP = NO;
				DEBUG_INFORMATION_FORMAT = dwarf;
				ENABLE_STRICT_OBJC_MSGSEND = YES;
				ENABLE_TESTABILITY = YES;
				ENABLE_USER_SCRIPT_SANDBOXING = NO;
				GCC_C_LANGUAGE_STANDARD = gnu17;
				GCC_DYNAMIC_NO_PIC = NO;
				GCC_NO_COMMON_BLOCKS = YES;
				GCC_OPTIMIZATION_LEVEL = 0;
				GCC_PREPROCESSOR_DEFINITIONS = (
					"DEBUG=1",
					"$(inherited)",
				);
				GCC_WARN_64_TO_32_BIT_CONVERSION = YES;
				GCC_WARN_ABOUT_RETURN_TYPE = YES_ERROR;
				GCC_WARN_UNDECLARED_SELECTOR = YES;
				GCC_WARN_UNINITIALIZED_AUTOS = YES_AGGRESSIVE;
				GCC_WARN_UNUSED_FUNCTION = YES;
				GCC_WARN_UNUSED_VARIABLE = YES;
				IPHONEOS_DEPLOYMENT_TARGET = 17.2;
				LOCALIZATION_PREFERS_STRING_CATALOGS = YES;
				MTL_ENABLE_DEBUG_INFO = INCLUDE_SOURCE;
				MTL_FAST_MATH = YES;
				ONLY_ACTIVE_ARCH = YES;
				SDKROOT = iphoneos;
				SWIFT_ACTIVE_COMPILATION_CONDITIONS = "DEBUG $(inherited)";
				SWIFT_OPTIMIZATION_LEVEL = "-Onone";
			};
			name = Debug;
		};
		E3D01F872BBCF30B00F3BF49 /* Release */ = {
			isa = XCBuildConfiguration;
			buildSettings = {
				ALWAYS_SEARCH_USER_PATHS = NO;
				ASSETCATALOG_COMPILER_GENERATE_SWIFT_ASSET_SYMBOL_EXTENSIONS = YES;
				CLANG_ANALYZER_NONNULL = YES;
				CLANG_ANALYZER_NUMBER_OBJECT_CONVERSION = YES_AGGRESSIVE;
				CLANG_CXX_LANGUAGE_STANDARD = "gnu++20";
				CLANG_ENABLE_MODULES = YES;
				CLANG_ENABLE_OBJC_ARC = YES;
				CLANG_ENABLE_OBJC_WEAK = YES;
				CLANG_WARN_BLOCK_CAPTURE_AUTORELEASING = YES;
				CLANG_WARN_BOOL_CONVERSION = YES;
				CLANG_WARN_COMMA = YES;
				CLANG_WARN_CONSTANT_CONVERSION = YES;
				CLANG_WARN_DEPRECATED_OBJC_IMPLEMENTATIONS = YES;
				CLANG_WARN_DIRECT_OBJC_ISA_USAGE = YES_ERROR;
				CLANG_WARN_DOCUMENTATION_COMMENTS = YES;
				CLANG_WARN_EMPTY_BODY = YES;
				CLANG_WARN_ENUM_CONVERSION = YES;
				CLANG_WARN_INFINITE_RECURSION = YES;
				CLANG_WARN_INT_CONVERSION = YES;
				CLANG_WARN_NON_LITERAL_NULL_CONVERSION = YES;
				CLANG_WARN_OBJC_IMPLICIT_RETAIN_SELF = YES;
				CLANG_WARN_OBJC_LITERAL_CONVERSION = YES;
				CLANG_WARN_OBJC_ROOT_CLASS = YES_ERROR;
				CLANG_WARN_QUOTED_INCLUDE_IN_FRAMEWORK_HEADER = YES;
				CLANG_WARN_RANGE_LOOP_ANALYSIS = YES;
				CLANG_WARN_STRICT_PROTOTYPES = YES;
				CLANG_WARN_SUSPICIOUS_MOVE = YES;
				CLANG_WARN_UNGUARDED_AVAILABILITY = YES_AGGRESSIVE;
				CLANG_WARN_UNREACHABLE_CODE = YES;
				CLANG_WARN__DUPLICATE_METHOD_MATCH = YES;
				COPY_PHASE_STRIP = NO;
				DEBUG_INFORMATION_FORMAT = "dwarf-with-dsym";
				ENABLE_NS_ASSERTIONS = NO;
				ENABLE_STRICT_OBJC_MSGSEND = YES;
				ENABLE_USER_SCRIPT_SANDBOXING = NO;
				GCC_C_LANGUAGE_STANDARD = gnu17;
				GCC_NO_COMMON_BLOCKS = YES;
				GCC_WARN_64_TO_32_BIT_CONVERSION = YES;
				GCC_WARN_ABOUT_RETURN_TYPE = YES_ERROR;
				GCC_WARN_UNDECLARED_SELECTOR = YES;
				GCC_WARN_UNINITIALIZED_AUTOS = YES_AGGRESSIVE;
				GCC_WARN_UNUSED_FUNCTION = YES;
				GCC_WARN_UNUSED_VARIABLE = YES;
				IPHONEOS_DEPLOYMENT_TARGET = 17.2;
				LOCALIZATION_PREFERS_STRING_CATALOGS = YES;
				MTL_ENABLE_DEBUG_INFO = NO;
				MTL_FAST_MATH = YES;
				SDKROOT = iphoneos;
				SWIFT_COMPILATION_MODE = wholemodule;
				VALIDATE_PRODUCT = YES;
			};
			name = Release;
		};
		E3D01F892BBCF30B00F3BF49 /* Debug */ = {
			isa = XCBuildConfiguration;
			baseConfigurationReference = 02DEC0CD5EDE7C33617F20B8 /* Pods-CleanArchitectureSample.debug.xcconfig */;
			buildSettings = {
				ASSETCATALOG_COMPILER_APPICON_NAME = AppIcon;
				ASSETCATALOG_COMPILER_GLOBAL_ACCENT_COLOR_NAME = AccentColor;
				CODE_SIGN_STYLE = Automatic;
				CURRENT_PROJECT_VERSION = 1;
				DEVELOPMENT_ASSET_PATHS = "\"CleanArchitectureSample/Preview Content\"";
				DEVELOPMENT_TEAM = T6N2M36LCN;
				ENABLE_PREVIEWS = YES;
				GENERATE_INFOPLIST_FILE = YES;
				INFOPLIST_FILE = CleanArchitectureSample/Info.plist;
				INFOPLIST_KEY_UIApplicationSceneManifest_Generation = YES;
				INFOPLIST_KEY_UIApplicationSupportsIndirectInputEvents = YES;
				INFOPLIST_KEY_UILaunchScreen_Generation = YES;
				INFOPLIST_KEY_UISupportedInterfaceOrientations_iPad = "UIInterfaceOrientationPortrait UIInterfaceOrientationPortraitUpsideDown UIInterfaceOrientationLandscapeLeft UIInterfaceOrientationLandscapeRight";
				INFOPLIST_KEY_UISupportedInterfaceOrientations_iPhone = "UIInterfaceOrientationPortrait UIInterfaceOrientationLandscapeLeft UIInterfaceOrientationLandscapeRight";
				LD_RUNPATH_SEARCH_PATHS = (
					"$(inherited)",
					"@executable_path/Frameworks",
				);
				MARKETING_VERSION = 1.0;
				PRODUCT_BUNDLE_IDENTIFIER = test.CleanArchitectureSample;
				PRODUCT_NAME = "$(TARGET_NAME)";
				SUPPORTED_PLATFORMS = "iphoneos iphonesimulator";
				SUPPORTS_MACCATALYST = NO;
				SUPPORTS_MAC_DESIGNED_FOR_IPHONE_IPAD = NO;
				SWIFT_EMIT_LOC_STRINGS = YES;
				SWIFT_VERSION = 5.0;
				TARGETED_DEVICE_FAMILY = 1;
			};
			name = Debug;
		};
		E3D01F8A2BBCF30B00F3BF49 /* Release */ = {
			isa = XCBuildConfiguration;
			baseConfigurationReference = 1EBA4C52A7562D09B96B714E /* Pods-CleanArchitectureSample.release.xcconfig */;
			buildSettings = {
				ASSETCATALOG_COMPILER_APPICON_NAME = AppIcon;
				ASSETCATALOG_COMPILER_GLOBAL_ACCENT_COLOR_NAME = AccentColor;
				CODE_SIGN_STYLE = Automatic;
				CURRENT_PROJECT_VERSION = 1;
				DEVELOPMENT_ASSET_PATHS = "\"CleanArchitectureSample/Preview Content\"";
				DEVELOPMENT_TEAM = T6N2M36LCN;
				ENABLE_PREVIEWS = YES;
				GENERATE_INFOPLIST_FILE = YES;
				INFOPLIST_FILE = CleanArchitectureSample/Info.plist;
				INFOPLIST_KEY_UIApplicationSceneManifest_Generation = YES;
				INFOPLIST_KEY_UIApplicationSupportsIndirectInputEvents = YES;
				INFOPLIST_KEY_UILaunchScreen_Generation = YES;
				INFOPLIST_KEY_UISupportedInterfaceOrientations_iPad = "UIInterfaceOrientationPortrait UIInterfaceOrientationPortraitUpsideDown UIInterfaceOrientationLandscapeLeft UIInterfaceOrientationLandscapeRight";
				INFOPLIST_KEY_UISupportedInterfaceOrientations_iPhone = "UIInterfaceOrientationPortrait UIInterfaceOrientationLandscapeLeft UIInterfaceOrientationLandscapeRight";
				LD_RUNPATH_SEARCH_PATHS = (
					"$(inherited)",
					"@executable_path/Frameworks",
				);
				MARKETING_VERSION = 1.0;
				PRODUCT_BUNDLE_IDENTIFIER = test.CleanArchitectureSample;
				PRODUCT_NAME = "$(TARGET_NAME)";
				SUPPORTED_PLATFORMS = "iphoneos iphonesimulator";
				SUPPORTS_MACCATALYST = NO;
				SUPPORTS_MAC_DESIGNED_FOR_IPHONE_IPAD = NO;
				SWIFT_EMIT_LOC_STRINGS = YES;
				SWIFT_VERSION = 5.0;
				TARGETED_DEVICE_FAMILY = 1;
			};
			name = Release;
		};
/* End XCBuildConfiguration section */

/* Begin XCConfigurationList section */
		E3D01F702BBCF30900F3BF49 /* Build configuration list for PBXProject "CleanArchitectureSample" */ = {
			isa = XCConfigurationList;
			buildConfigurations = (
				E3D01F862BBCF30B00F3BF49 /* Debug */,
				E3D01F872BBCF30B00F3BF49 /* Release */,
			);
			defaultConfigurationIsVisible = 0;
			defaultConfigurationName = Release;
		};
		E3D01F882BBCF30B00F3BF49 /* Build configuration list for PBXNativeTarget "CleanArchitectureSample" */ = {
			isa = XCConfigurationList;
			buildConfigurations = (
				E3D01F892BBCF30B00F3BF49 /* Debug */,
				E3D01F8A2BBCF30B00F3BF49 /* Release */,
			);
			defaultConfigurationIsVisible = 0;
			defaultConfigurationName = Release;
		};
/* End XCConfigurationList section */

/* Begin XCVersionGroup section */
		E3D01F832BBCF30B00F3BF49 /* CleanArchitectureSample.xcdatamodeld */ = {
			isa = XCVersionGroup;
			children = (
				E3D01F842BBCF30B00F3BF49 /* CleanArchitectureSample.xcdatamodel */,
			);
			currentVersion = E3D01F842BBCF30B00F3BF49 /* CleanArchitectureSample.xcdatamodel */;
			path = CleanArchitectureSample.xcdatamodeld;
			sourceTree = "<group>";
			versionGroupType = wrapper.xcdatamodel;
		};
/* End XCVersionGroup section */
	};
	rootObject = E3D01F6D2BBCF30900F3BF49 /* Project object */;
}
